<?xml version="1.0" encoding="utf-8"?>
<Project ToolsVersion="4.0" xmlns="http://schemas.microsoft.com/developer/msbuild/2003">
  <ItemGroup>
    <Filter Include="program">
      <UniqueIdentifier>{0c8d419b-7fbf-46a5-9d30-f09afe1cddfa}</UniqueIdentifier>
    </Filter>
    <Filter Include="program\game">
      <UniqueIdentifier>{57763062-cea8-44a8-b97d-44f2470cf494}</UniqueIdentifier>
    </Filter>
    <Filter Include="program\system">
      <UniqueIdentifier>{f2d9841c-2bea-4299-8e16-cc43044bae54}</UniqueIdentifier>
    </Filter>
    <Filter Include="program\game\Cards">
      <UniqueIdentifier>{6c7dac3e-694d-41af-a54b-1462dbc5f438}</UniqueIdentifier>
    </Filter>
    <Filter Include="program\game\GameObjects">
      <UniqueIdentifier>{70c4c1b0-43d7-428a-99fc-6f8bc7b04a9e}</UniqueIdentifier>
    </Filter>
    <Filter Include="program\game\UIObjects">
      <UniqueIdentifier>{f1dd47db-2da4-4d77-9c95-2f93372ddafd}</UniqueIdentifier>
    </Filter>
  </ItemGroup>
  <ItemGroup>
    <ClCompile Include="program\Game.cpp">
      <Filter>program</Filter>
    </ClCompile>
    <ClCompile Include="program\Main.cpp">
      <Filter>program</Filter>
    </ClCompile>
    <ClCompile Include="program\Base.cpp">
      <Filter>program\game</Filter>
    </ClCompile>
    <ClCompile Include="program\Camera.cpp">
      <Filter>program\game</Filter>
    </ClCompile>
    <ClCompile Include="program\Ground.cpp">
      <Filter>program\game</Filter>
    </ClCompile>
    <ClCompile Include="program\Player.cpp">
      <Filter>program\game</Filter>
    </ClCompile>
    <ClCompile Include="program\Hit.cpp">
      <Filter>program\system</Filter>
    </ClCompile>
    <ClCompile Include="program\Random.cpp">
      <Filter>program\system</Filter>
    </ClCompile>
    <ClCompile Include="program\Vector3.cpp">
      <Filter>program\system</Filter>
    </ClCompile>
    <ClCompile Include="program\Vector2.cpp">
      <Filter>program\system</Filter>
    </ClCompile>
    <ClCompile Include="program\ActionCard.cpp">
      <Filter>program\game\Cards</Filter>
    </ClCompile>
    <ClCompile Include="program\imageDatas.cpp">
      <Filter>program\system</Filter>
    </ClCompile>
    <ClCompile Include="program\Hand.cpp">
      <Filter>program\game</Filter>
    </ClCompile>
    <ClCompile Include="program\EnvironmentCard.cpp">
      <Filter>program\game\Cards</Filter>
    </ClCompile>
    <ClCompile Include="program\EventCard.cpp">
      <Filter>program\game\Cards</Filter>
    </ClCompile>
    <ClCompile Include="program\ItemCard.cpp">
      <Filter>program\game\Cards</Filter>
    </ClCompile>
    <ClCompile Include="program\HpPlusCard.cpp">
      <Filter>program\game\Cards</Filter>
    </ClCompile>
    <ClCompile Include="program\ChanceCard.cpp">
      <Filter>program\game\Cards</Filter>
    </ClCompile>
    <ClCompile Include="program\CurseCard.cpp">
      <Filter>program\game\Cards</Filter>
    </ClCompile>
    <ClCompile Include="program\Deck.cpp">
      <Filter>program\game\GameObjects</Filter>
    </ClCompile>
    <ClCompile Include="program\Npc.cpp">
      <Filter>program\game\GameObjects</Filter>
    </ClCompile>
    <ClCompile Include="program\CardBase.cpp">
      <Filter>program\game\Cards</Filter>
    </ClCompile>
    <ClCompile Include="program\UI.cpp">
      <Filter>program\game\UIObjects</Filter>
    </ClCompile>
    <ClCompile Include="program\OkButton.cpp">
      <Filter>program\game\UIObjects</Filter>
    </ClCompile>
  </ItemGroup>
  <ItemGroup>
    <ClInclude Include="program\Game.h">
      <Filter>program</Filter>
    </ClInclude>
    <ClInclude Include="program\Main.h">
      <Filter>program</Filter>
    </ClInclude>
    <ClInclude Include="program\Base.h">
      <Filter>program\game</Filter>
    </ClInclude>
    <ClInclude Include="program\Camera.h">
      <Filter>program\game</Filter>
    </ClInclude>
    <ClInclude Include="program\Ground.h">
      <Filter>program\game</Filter>
    </ClInclude>
    <ClInclude Include="program\Player.h">
      <Filter>program\game</Filter>
    </ClInclude>
    <ClInclude Include="program\Hit.h">
      <Filter>program\system</Filter>
    </ClInclude>
    <ClInclude Include="program\Random.h">
      <Filter>program\system</Filter>
    </ClInclude>
    <ClInclude Include="program\Vector3.h">
      <Filter>program\system</Filter>
    </ClInclude>
    <ClInclude Include="program\Vector2.h">
      <Filter>program\system</Filter>
    </ClInclude>
    <ClInclude Include="program\json.h">
      <Filter>program\system</Filter>
    </ClInclude>
    <ClInclude Include="program\ActionCard.h">
      <Filter>program\game\Cards</Filter>
    </ClInclude>
    <ClInclude Include="program\imageDatas.h">
      <Filter>program\system</Filter>
    </ClInclude>
    <ClInclude Include="program\Hand.h">
      <Filter>program\game</Filter>
    </ClInclude>
    <ClInclude Include="program\EnvironmentCard.h">
      <Filter>program\game\Cards</Filter>
    </ClInclude>
    <ClInclude Include="program\EventCard.h">
      <Filter>program\game\Cards</Filter>
    </ClInclude>
    <ClInclude Include="program\ItemCard.h">
      <Filter>program\game\Cards</Filter>
    </ClInclude>
    <ClInclude Include="program\HpPlusCard.h">
      <Filter>program\game\Cards</Filter>
    </ClInclude>
    <ClInclude Include="program\ChanceCard.h">
      <Filter>program\game\Cards</Filter>
    </ClInclude>
    <ClInclude Include="program\CurseCard.h">
      <Filter>program\game\Cards</Filter>
    </ClInclude>
    <ClInclude Include="program\Deck.h">
      <Filter>program\game\GameObjects</Filter>
    </ClInclude>
    <ClInclude Include="program\Npc.h">
      <Filter>program\game\GameObjects</Filter>
    </ClInclude>
    <ClInclude Include="program\CardBase.h">
      <Filter>program\game\Cards</Filter>
    </ClInclude>
    <ClInclude Include="program\UI.h">
      <Filter>program\game\UIObjects</Filter>
    </ClInclude>
    <ClInclude Include="program\OkButton.h">
      <Filter>program\game\UIObjects</Filter>
    </ClInclude>
  </ItemGroup>
</Project>